
Microsoft Visual Studio Solution File, Format Version 12.00
# Visual Studio Version 16
VisualStudioVersion = 16.0.31507.150
MinimumVisualStudioVersion = 10.0.40219.1
Project("{FAE04EC0-301F-11D3-BF4B-00C04F79EFBC}") = "Produto_Hair.API", "Produto_Hair.API\Produto_Hair.API.csproj", "{00ABDD75-52C3-40A2-8EDC-AAEE30F8E305}"
EndProject
Global
	GlobalSection(SolutionConfigurationPlatforms) = preSolution
		Debug|Any CPU = Debug|Any CPU
		Release|Any CPU = Release|Any CPU
	EndGlobalSection
	GlobalSection(ProjectConfigurationPlatforms) = postSolution
		{00ABDD75-52C3-40A2-8EDC-AAEE30F8E305}.Debug|Any CPU.ActiveCfg = Debug|Any CPU
		{00ABDD75-52C3-40A2-8EDC-AAEE30F8E305}.Debug|Any CPU.Build.0 = Debug|Any CPU
		{00ABDD75-52C3-40A2-8EDC-AAEE30F8E305}.Release|Any CPU.ActiveCfg = Release|Any CPU
		{00ABDD75-52C3-40A2-8EDC-AAEE30F8E305}.Release|Any CPU.Build.0 = Release|Any CPU
	EndGlobalSection
	GlobalSection(SolutionProperties) = preSolution
		HideSolutionNode = FALSE
	EndGlobalSection
	GlobalSection(ExtensibilityGlobals) = postSolution
		SolutionGuid = {D83DD451-D7D8-4DD8-A415-6F0B61532ECD}
	EndGlobalSection
EndGlobal
